# This file is automatically @generated by Cargo.
# It is not intended for manual editing.
version = 3

[[package]]
name = "as-slice"
version = "0.1.5"
source = "registry+https://github.com/rust-lang/crates.io-index"
checksum = "45403b49e3954a4b8428a0ac21a4b7afadccf92bfd96273f1a58cd4812496ae0"
dependencies = [
 "generic-array 0.12.4",
 "generic-array 0.13.3",
 "generic-array 0.14.7",
 "stable_deref_trait",
]

[[package]]
name = "byteorder"
version = "1.4.3"
source = "registry+https://github.com/rust-lang/crates.io-index"
checksum = "14c189c53d098945499cdfa7ecc63567cf3886b3332b312a5b4585d8d3a6a610"

[[package]]
name = "cc"
version = "1.0.82"
source = "registry+https://github.com/rust-lang/crates.io-index"
checksum = "305fe645edc1442a0fa8b6726ba61d422798d37a52e12eaecf4b022ebbb88f01"
dependencies = [
 "libc",
]

[[package]]
name = "generic-array"
version = "0.12.4"
source = "registry+https://github.com/rust-lang/crates.io-index"
checksum = "ffdf9f34f1447443d37393cc6c2b8313aebddcd96906caf34e54c68d8e57d7bd"
dependencies = [
 "typenum",
]

[[package]]
name = "generic-array"
version = "0.13.3"
source = "registry+https://github.com/rust-lang/crates.io-index"
checksum = "f797e67af32588215eaaab8327027ee8e71b9dd0b2b26996aedf20c030fce309"
dependencies = [
 "typenum",
]

[[package]]
name = "generic-array"
version = "0.14.7"
source = "registry+https://github.com/rust-lang/crates.io-index"
checksum = "85649ca51fd72272d7821adaf274ad91c288277713d9c18820d8499a7ff69e9a"
dependencies = [
 "typenum",
 "version_check",
]

[[package]]
name = "hash32"
version = "0.1.1"
source = "registry+https://github.com/rust-lang/crates.io-index"
checksum = "d4041af86e63ac4298ce40e5cca669066e75b6f1aa3390fe2561ffa5e1d9f4cc"
dependencies = [
 "byteorder",
]

[[package]]
name = "hashbrown_tstd"
version = "0.12.0"
source = "git+https://github.com/apache/teaclave-sgx-sdk.git?rev=3c903bdac4e503dd27b9b1f761c4abfc55f2464c#3c903bdac4e503dd27b9b1f761c4abfc55f2464c"

[[package]]
name = "heapless"
version = "0.5.6"
source = "registry+https://github.com/rust-lang/crates.io-index"
checksum = "74911a68a1658cfcfb61bc0ccfbd536e3b6e906f8c2f7883ee50157e3e2184f1"
dependencies = [
 "as-slice",
 "generic-array 0.13.3",
 "hash32",
 "stable_deref_trait",
]

[[package]]
name = "libc"
version = "0.2.147"
source = "registry+https://github.com/rust-lang/crates.io-index"
checksum = "b4668fb0ea861c1df094127ac5f1da3409a82116a4ba74fca2e58ef927159bb3"

[[package]]
name = "proc-macro2"
version = "1.0.66"
source = "registry+https://github.com/rust-lang/crates.io-index"
checksum = "18fb31db3f9bddb2ea821cde30a9f70117e3f119938b5ee630b7403aa6e2ead9"
dependencies = [
 "unicode-ident",
]

[[package]]
name = "quote"
version = "1.0.32"
source = "registry+https://github.com/rust-lang/crates.io-index"
checksum = "50f3b39ccfb720540debaa0164757101c08ecb8d326b15358ce76a62c7e85965"
dependencies = [
 "proc-macro2",
]

[[package]]
name = "serde"
version = "1.0.183"
source = "registry+https://github.com/rust-lang/crates.io-index"
checksum = "32ac8da02677876d532745a130fc9d8e6edfa81a269b107c5b00829b91d8eb3c"
dependencies = [
 "serde_derive",
]

[[package]]
name = "serde-json-core"
version = "0.1.0"
source = "registry+https://github.com/rust-lang/crates.io-index"
checksum = "cbf406405ada9ef326ca78677324ac66994ff348fc48a16030be08caeed29825"
dependencies = [
 "heapless",
 "serde",
]

[[package]]
name = "serde_derive"
version = "1.0.183"
source = "registry+https://github.com/rust-lang/crates.io-index"
checksum = "aafe972d60b0b9bee71a91b92fee2d4fb3c9d7e8f6b179aa99f27203d99a4816"
dependencies = [
 "proc-macro2",
 "quote",
 "syn",
]

[[package]]
name = "sgx_alloc"
version = "1.1.6"
source = "git+https://github.com/apache/teaclave-sgx-sdk.git?rev=3c903bdac4e503dd27b9b1f761c4abfc55f2464c#3c903bdac4e503dd27b9b1f761c4abfc55f2464c"

[[package]]
name = "sgx_backtrace_sys"
version = "1.1.6"
source = "git+https://github.com/apache/teaclave-sgx-sdk.git?rev=3c903bdac4e503dd27b9b1f761c4abfc55f2464c#3c903bdac4e503dd27b9b1f761c4abfc55f2464c"
dependencies = [
 "cc",
 "sgx_build_helper",
 "sgx_libc",
]

[[package]]
name = "sgx_build_helper"
version = "1.1.6"
source = "git+https://github.com/apache/teaclave-sgx-sdk.git?rev=3c903bdac4e503dd27b9b1f761c4abfc55f2464c#3c903bdac4e503dd27b9b1f761c4abfc55f2464c"

[[package]]
name = "sgx_demangle"
version = "1.1.6"
source = "git+https://github.com/apache/teaclave-sgx-sdk.git?rev=3c903bdac4e503dd27b9b1f761c4abfc55f2464c#3c903bdac4e503dd27b9b1f761c4abfc55f2464c"

[[package]]
name = "sgx_libc"
version = "1.1.6"
source = "git+https://github.com/apache/teaclave-sgx-sdk.git?rev=3c903bdac4e503dd27b9b1f761c4abfc55f2464c#3c903bdac4e503dd27b9b1f761c4abfc55f2464c"
dependencies = [
 "sgx_types",
]

[[package]]
name = "sgx_serialize"
version = "1.1.6"
source = "git+https://github.com/apache/teaclave-sgx-sdk.git?rev=3c903bdac4e503dd27b9b1f761c4abfc55f2464c#3c903bdac4e503dd27b9b1f761c4abfc55f2464c"
dependencies = [
 "sgx_tstd",
]

[[package]]
name = "sgx_tcrypto"
version = "1.1.6"
source = "git+https://github.com/apache/teaclave-sgx-sdk.git?rev=3c903bdac4e503dd27b9b1f761c4abfc55f2464c#3c903bdac4e503dd27b9b1f761c4abfc55f2464c"
dependencies = [
 "sgx_types",
]

[[package]]
name = "sgx_tprotected_fs"
version = "1.1.6"
source = "git+https://github.com/apache/teaclave-sgx-sdk.git?rev=3c903bdac4e503dd27b9b1f761c4abfc55f2464c#3c903bdac4e503dd27b9b1f761c4abfc55f2464c"
dependencies = [
 "sgx_trts",
 "sgx_types",
]

[[package]]
name = "sgx_trts"
version = "1.1.6"
source = "git+https://github.com/apache/teaclave-sgx-sdk.git?rev=3c903bdac4e503dd27b9b1f761c4abfc55f2464c#3c903bdac4e503dd27b9b1f761c4abfc55f2464c"
dependencies = [
 "sgx_libc",
 "sgx_types",
]

[[package]]
name = "sgx_tse"
version = "1.1.6"
source = "git+https://github.com/apache/teaclave-sgx-sdk.git?rev=3c903bdac4e503dd27b9b1f761c4abfc55f2464c#3c903bdac4e503dd27b9b1f761c4abfc55f2464c"
dependencies = [
 "sgx_types",
]

[[package]]
name = "sgx_tseal"
version = "1.1.6"
source = "git+https://github.com/apache/teaclave-sgx-sdk.git?rev=3c903bdac4e503dd27b9b1f761c4abfc55f2464c#3c903bdac4e503dd27b9b1f761c4abfc55f2464c"
dependencies = [
 "sgx_tcrypto",
 "sgx_trts",
 "sgx_tse",
 "sgx_types",
]

[[package]]
name = "sgx_tstd"
version = "1.1.6"
source = "git+https://github.com/apache/teaclave-sgx-sdk.git?rev=3c903bdac4e503dd27b9b1f761c4abfc55f2464c#3c903bdac4e503dd27b9b1f761c4abfc55f2464c"
dependencies = [
 "hashbrown_tstd",
 "sgx_alloc",
 "sgx_backtrace_sys",
 "sgx_demangle",
 "sgx_libc",
 "sgx_tprotected_fs",
 "sgx_trts",
 "sgx_types",
 "sgx_unwind",
]

[[package]]
name = "sgx_types"
version = "1.1.6"
source = "git+https://github.com/apache/teaclave-sgx-sdk.git?rev=3c903bdac4e503dd27b9b1f761c4abfc55f2464c#3c903bdac4e503dd27b9b1f761c4abfc55f2464c"

[[package]]
name = "sgx_unwind"
version = "1.1.6"
source = "git+https://github.com/apache/teaclave-sgx-sdk.git?rev=3c903bdac4e503dd27b9b1f761c4abfc55f2464c#3c903bdac4e503dd27b9b1f761c4abfc55f2464c"
dependencies = [
 "sgx_build_helper",
]

[[package]]
name = "stable_deref_trait"
version = "1.2.0"
source = "registry+https://github.com/rust-lang/crates.io-index"
checksum = "a8f112729512f8e442d81f95a8a7ddf2b7c6b8a1a6f509a95864142b30cab2d3"

[[package]]
name = "syn"
version = "2.0.28"
source = "registry+https://github.com/rust-lang/crates.io-index"
checksum = "04361975b3f5e348b2189d8dc55bc942f278b2d482a6a0365de5bdd62d351567"
dependencies = [
 "proc-macro2",
 "quote",
 "unicode-ident",
]

[[package]]
name = "template"
version = "1.0.0"
dependencies = [
 "heapless",
 "serde",
 "serde-json-core",
 "sgx_alloc",
 "sgx_libc",
 "sgx_serialize",
 "sgx_tcrypto",
 "sgx_trts",
 "sgx_tseal",
 "sgx_tstd",
 "sgx_types",
]

[[package]]
name = "typenum"
version = "1.16.0"
source = "registry+https://github.com/rust-lang/crates.io-index"
checksum = "497961ef93d974e23eb6f433eb5fe1b7930b659f06d12dec6fc44a8f554c0bba"

[[package]]
name = "unicode-ident"
version = "1.0.11"
source = "registry+https://github.com/rust-lang/crates.io-index"
checksum = "301abaae475aa91687eb82514b328ab47a211a533026cb25fc3e519b86adfc3c"

[[package]]
name = "version_check"
version = "0.9.4"
source = "registry+https://github.com/rust-lang/crates.io-index"
checksum = "49874b5167b65d7193b8aba1567f5c7d93d001cafc34600cee003eda787e483f"
